# This file is automatically @generated by Cargo.
# It is not intended for manual editing.
version = 4

[[package]]
name = "bitflags"
version = "2.8.0"
source = "registry+https://github.com/rust-lang/crates.io-index"
checksum = "8f68f53c83ab957f72c32642f3868eec03eb974d1fb82e453128456482613d36"

[[package]]
name = "cc"
version = "1.2.10"
source = "registry+https://github.com/rust-lang/crates.io-index"
checksum = "13208fcbb66eaeffe09b99fffbe1af420f00a7b35aa99ad683dfc1aa76145229"
dependencies = [
 "shlex",
]

[[package]]
name = "cfg-if"
version = "1.0.0"
source = "registry+https://github.com/rust-lang/crates.io-index"
checksum = "baf1de4339761588bc0619e3cbc0120ee582ebb74b53b4efbf79117bd2da40fd"

[[package]]
name = "cmake"
version = "0.1.54"
source = "registry+https://github.com/rust-lang/crates.io-index"
checksum = "e7caa3f9de89ddbe2c607f4101924c5abec803763ae9534e4f4d7d8f84aa81f0"
dependencies = [
 "cc",
]

[[package]]
name = "lazy_static"
version = "1.5.0"
source = "registry+https://github.com/rust-lang/crates.io-index"
checksum = "bbd2bcb4c963f2ddae06a2efc7e9f3591312473c50c6685e1f298068316e66fe"

[[package]]
name = "libc"
version = "0.2.169"
source = "registry+https://github.com/rust-lang/crates.io-index"
checksum = "b5aba8db14291edd000dfcc4d620c7ebfb122c613afb886ca8803fa4e128a20a"

[[package]]
name = "nyxbox"
version = "0.1.0"
dependencies = [
 "rsevents",
 "sdl3",
 "unicorn-engine",
]

[[package]]
name = "parking_lot_core"
version = "0.9.10"
source = "registry+https://github.com/rust-lang/crates.io-index"
checksum = "1e401f977ab385c9e4e3ab30627d6f26d00e2c73eef317493c4ec6d468726cf8"
dependencies = [
 "cfg-if",
 "libc",
 "redox_syscall",
 "smallvec",
 "windows-targets",
]

[[package]]
name = "pkg-config"
version = "0.3.31"
source = "registry+https://github.com/rust-lang/crates.io-index"
checksum = "953ec861398dccce10c670dfeaf3ec4911ca479e9c02154b3a215178c5f566f2"

[[package]]
name = "redox_syscall"
version = "0.5.9"
source = "registry+https://github.com/rust-lang/crates.io-index"
checksum = "82b568323e98e49e2a0899dcee453dd679fae22d69adf9b11dd508d1549b7e2f"
dependencies = [
 "bitflags",
]

[[package]]
name = "rpkg-config"
version = "0.1.2"
source = "registry+https://github.com/rust-lang/crates.io-index"
checksum = "5a2d2f3481209a6b42eec2fbb49063fb4e8d35b57023401495d4fe0f85c817f0"

[[package]]
name = "rsevents"
version = "0.3.1"
source = "registry+https://github.com/rust-lang/crates.io-index"
checksum = "e8e29769fda0194d58e06d876d82337aac382415df547f073f44ffea0bb0c651"
dependencies = [
 "parking_lot_core",
]

[[package]]
name = "sdl3"
version = "0.14.11"
source = "registry+https://github.com/rust-lang/crates.io-index"
checksum = "7ab9fa9ed6942a7b0125ae65b98c9c5f69244783ec4bd1aa15c6650e4cc426e9"
dependencies = [
 "bitflags",
 "lazy_static",
 "libc",
 "sdl3-sys",
]

[[package]]
name = "sdl3-src"
version = "3.2.4"
source = "registry+https://github.com/rust-lang/crates.io-index"
checksum = "652742893bbef3623ddbd049fa2eaeb7cf62f3f59ab1596727cfea3eb25fe5bb"

[[package]]
name = "sdl3-sys"
version = "0.4.4+SDL3-3.2.4"
source = "registry+https://github.com/rust-lang/crates.io-index"
checksum = "14062c68e4683b8ef222bbd1abb178310dd214c66db83f8080244546601473b1"
dependencies = [
 "cmake",
 "rpkg-config",
 "sdl3-src",
]

[[package]]
name = "shlex"
version = "1.3.0"
source = "registry+https://github.com/rust-lang/crates.io-index"
checksum = "0fda2ff0d084019ba4d7c6f371c95d8fd75ce3524c3cb8fb653a3023f6323e64"

[[package]]
name = "smallvec"
version = "1.14.0"
source = "registry+https://github.com/rust-lang/crates.io-index"
checksum = "7fcf8323ef1faaee30a44a340193b1ac6814fd9b7b4e88e9d4519a3e4abe1cfd"

[[package]]
name = "unicorn-engine"
version = "2.1.2"
source = "registry+https://github.com/rust-lang/crates.io-index"
checksum = "fe49e39ad497804b9bbbc3d3f2bc4e4d232dda9312b4184a010d15a948138f95"
dependencies = [
 "bitflags",
 "cc",
 "cmake",
 "libc",
 "pkg-config",
]

[[package]]
name = "windows-targets"
version = "0.52.6"
source = "registry+https://github.com/rust-lang/crates.io-index"
checksum = "9b724f72796e036ab90c1021d4780d4d3d648aca59e491e6b98e725b84e99973"
dependencies = [
 "windows_aarch64_gnullvm",
 "windows_aarch64_msvc",
 "windows_i686_gnu",
 "windows_i686_gnullvm",
 "windows_i686_msvc",
 "windows_x86_64_gnu",
 "windows_x86_64_gnullvm",
 "windows_x86_64_msvc",
]

[[package]]
name = "windows_aarch64_gnullvm"
version = "0.52.6"
source = "registry+https://github.com/rust-lang/crates.io-index"
checksum = "32a4622180e7a0ec044bb555404c800bc9fd9ec262ec147edd5989ccd0c02cd3"

[[package]]
name = "windows_aarch64_msvc"
version = "0.52.6"
source = "registry+https://github.com/rust-lang/crates.io-index"
checksum = "09ec2a7bb152e2252b53fa7803150007879548bc709c039df7627cabbd05d469"

[[package]]
name = "windows_i686_gnu"
version = "0.52.6"
source = "registry+https://github.com/rust-lang/crates.io-index"
checksum = "8e9b5ad5ab802e97eb8e295ac6720e509ee4c243f69d781394014ebfe8bbfa0b"

[[package]]
name = "windows_i686_gnullvm"
version = "0.52.6"
source = "registry+https://github.com/rust-lang/crates.io-index"
checksum = "0eee52d38c090b3caa76c563b86c3a4bd71ef1a819287c19d586d7334ae8ed66"

[[package]]
name = "windows_i686_msvc"
version = "0.52.6"
source = "registry+https://github.com/rust-lang/crates.io-index"
checksum = "240948bc05c5e7c6dabba28bf89d89ffce3e303022809e73deaefe4f6ec56c66"

[[package]]
name = "windows_x86_64_gnu"
version = "0.52.6"
source = "registry+https://github.com/rust-lang/crates.io-index"
checksum = "147a5c80aabfbf0c7d901cb5895d1de30ef2907eb21fbbab29ca94c5b08b1a78"

[[package]]
name = "windows_x86_64_gnullvm"
version = "0.52.6"
source = "registry+https://github.com/rust-lang/crates.io-index"
checksum = "24d5b23dc417412679681396f2b49f3de8c1473deb516bd34410872eff51ed0d"

[[package]]
name = "windows_x86_64_msvc"
version = "0.52.6"
source = "registry+https://github.com/rust-lang/crates.io-index"
checksum = "589f6da84c646204747d1270a2a5661ea66ed1cced2631d546fdfb155959f9ec"
